
Microsoft Visual Studio Solution File, Format Version 12.00
# Visual Studio Version 17
VisualStudioVersion = 17.9.34728.123
MinimumVisualStudioVersion = 10.0.40219.1
Project("{FAE04EC0-301F-11D3-BF4B-00C04F79EFBC}") = "CalculadoraSimples", "CalculadoraSimples\CalculadoraSimples.csproj", "{0FAAE765-1E69-4361-8E6F-D3070B13E388}"
EndProject
Global
	GlobalSection(SolutionConfigurationPlatforms) = preSolution
		Debug|Any CPU = Debug|Any CPU
		Release|Any CPU = Release|Any CPU
	EndGlobalSection
	GlobalSection(ProjectConfigurationPlatforms) = postSolution
		{0FAAE765-1E69-4361-8E6F-D3070B13E388}.Debug|Any CPU.ActiveCfg = Debug|Any CPU
		{0FAAE765-1E69-4361-8E6F-D3070B13E388}.Debug|Any CPU.Build.0 = Debug|Any CPU
		{0FAAE765-1E69-4361-8E6F-D3070B13E388}.Release|Any CPU.ActiveCfg = Release|Any CPU
		{0FAAE765-1E69-4361-8E6F-D3070B13E388}.Release|Any CPU.Build.0 = Release|Any CPU
	EndGlobalSection
	GlobalSection(SolutionProperties) = preSolution
		HideSolutionNode = FALSE
	EndGlobalSection
	GlobalSection(ExtensibilityGlobals) = postSolution
		SolutionGuid = {55F9DD8E-D333-4F01-82C8-0C070D7A4BEF}
	EndGlobalSection
EndGlobal
